
Microsoft Visual Studio Solution File, Format Version 12.00
# Visual Studio Version 17
VisualStudioVersion = 17.9.34622.214
MinimumVisualStudioVersion = 10.0.40219.1
Project("{9A19103F-16F7-4668-BE54-9A1E7A4F7556}") = "CloudStorageLibrary", "CloudStorageLibrary\CloudStorageLibrary.csproj", "{02A4D231-24F9-4700-A82A-EF2F2A14CF81}"
EndProject
Global
	GlobalSection(SolutionConfigurationPlatforms) = preSolution
		Debug|Any CPU = Debug|Any CPU
		Release|Any CPU = Release|Any CPU
	EndGlobalSection
	GlobalSection(ProjectConfigurationPlatforms) = postSolution
		{02A4D231-24F9-4700-A82A-EF2F2A14CF81}.Debug|Any CPU.ActiveCfg = Debug|Any CPU
		{02A4D231-24F9-4700-A82A-EF2F2A14CF81}.Debug|Any CPU.Build.0 = Debug|Any CPU
		{02A4D231-24F9-4700-A82A-EF2F2A14CF81}.Release|Any CPU.ActiveCfg = Release|Any CPU
		{02A4D231-24F9-4700-A82A-EF2F2A14CF81}.Release|Any CPU.Build.0 = Release|Any CPU
	EndGlobalSection
	GlobalSection(SolutionProperties) = preSolution
		HideSolutionNode = FALSE
	EndGlobalSection
	GlobalSection(ExtensibilityGlobals) = postSolution
		SolutionGuid = {4B4AC541-BE0D-4C14-8E93-82C378101336}
	EndGlobalSection
EndGlobal
